
Microsoft Visual Studio Solution File, Format Version 12.00
# Visual Studio Version 16
VisualStudioVersion = 16.0.30225.117
MinimumVisualStudioVersion = 10.0.40219.1
Project("{FAE04EC0-301F-11D3-BF4B-00C04F79EFBC}") = "Levinor.APITemplate", "Levinor.APITemplate.csproj", "{FC4F1C7C-83C3-435E-A433-C91812FFCCD1}"
EndProject
Project("{FAE04EC0-301F-11D3-BF4B-00C04F79EFBC}") = "Levinor.Business", "..\Business\Levinor.Business.csproj", "{13175E9D-35C8-40BE-A037-EAA44250434B}"
EndProject
Global
	GlobalSection(SolutionConfigurationPlatforms) = preSolution
		Debug|Any CPU = Debug|Any CPU
		Release|Any CPU = Release|Any CPU
	EndGlobalSection
	GlobalSection(ProjectConfigurationPlatforms) = postSolution
		{FC4F1C7C-83C3-435E-A433-C91812FFCCD1}.Debug|Any CPU.ActiveCfg = Debug|Any CPU
		{FC4F1C7C-83C3-435E-A433-C91812FFCCD1}.Debug|Any CPU.Build.0 = Debug|Any CPU
		{FC4F1C7C-83C3-435E-A433-C91812FFCCD1}.Release|Any CPU.ActiveCfg = Release|Any CPU
		{FC4F1C7C-83C3-435E-A433-C91812FFCCD1}.Release|Any CPU.Build.0 = Release|Any CPU
		{13175E9D-35C8-40BE-A037-EAA44250434B}.Debug|Any CPU.ActiveCfg = Debug|Any CPU
		{13175E9D-35C8-40BE-A037-EAA44250434B}.Debug|Any CPU.Build.0 = Debug|Any CPU
		{13175E9D-35C8-40BE-A037-EAA44250434B}.Release|Any CPU.ActiveCfg = Release|Any CPU
		{13175E9D-35C8-40BE-A037-EAA44250434B}.Release|Any CPU.Build.0 = Release|Any CPU
	EndGlobalSection
	GlobalSection(SolutionProperties) = preSolution
		HideSolutionNode = FALSE
	EndGlobalSection
	GlobalSection(ExtensibilityGlobals) = postSolution
		SolutionGuid = {90CA65D3-4A84-4334-B68D-FE050D1AF9B3}
	EndGlobalSection
EndGlobal
